
Microsoft Visual Studio Solution File, Format Version 12.00
Project("{2150E333-8FDC-42A3-9474-1A3956D46DE8}") = "back", "back", "{489DAE0B-07FE-4F08-8B22-854195C8BEEF}"
EndProject
Project("{2150E333-8FDC-42A3-9474-1A3956D46DE8}") = "front", "front", "{CD5AD8E2-2A49-4A62-9DAD-E644E04D61CB}"
EndProject
Project("{2150E333-8FDC-42A3-9474-1A3956D46DE8}") = "src", "src", "{5C580BD6-87EB-4665-B3C4-DA70330A634C}"
EndProject
Project("{2150E333-8FDC-42A3-9474-1A3956D46DE8}") = "test", "test", "{D96757AC-1D52-4692-81C3-B397BD5C2E83}"
EndProject
Project("{2150E333-8FDC-42A3-9474-1A3956D46DE8}") = "docs", "docs", "{FC9E5B15-FF26-4971-A429-6420386D5869}"
EndProject
Project("{2150E333-8FDC-42A3-9474-1A3956D46DE8}") = "src", "src", "{410B3B01-5F76-43E2-9A73-C9F88D999330}"
EndProject
Project("{2150E333-8FDC-42A3-9474-1A3956D46DE8}") = "test", "test", "{6B7EE6DF-9248-49C1-ACB9-DF8D57ADF931}"
EndProject
Project("{2150E333-8FDC-42A3-9474-1A3956D46DE8}") = "docs", "docs", "{E63D1626-6E86-4F1E-9AD7-AC130DDBFF58}"
EndProject
Project("{FAE04EC0-301F-11D3-BF4B-00C04F79EFBC}") = "Domain", "Domain\Domain.csproj", "{D94506C0-E21A-4FA2-ABCB-3A77063BC0F0}"
EndProject
Project("{FAE04EC0-301F-11D3-BF4B-00C04F79EFBC}") = "Application", "Application\Application.csproj", "{5B553FD2-C11F-4C2E-9640-E5A2A398E7B4}"
EndProject
Project("{FAE04EC0-301F-11D3-BF4B-00C04F79EFBC}") = "Persistence", "Persistence\Persistence.csproj", "{D8CE3CAD-AB35-4446-957D-AEAC792A62F0}"
EndProject
Project("{FAE04EC0-301F-11D3-BF4B-00C04F79EFBC}") = "Infrastructure", "Infrastructure\Infrastructure.csproj", "{44F24928-E100-46D2-A8E0-630FA4B120BA}"
EndProject
Project("{FAE04EC0-301F-11D3-BF4B-00C04F79EFBC}") = "WebHost", "WebHost\WebHost.csproj", "{2B0C1233-BD25-4BC2-B58F-D1A40FFCC0D8}"
EndProject
Project("{FAE04EC0-301F-11D3-BF4B-00C04F79EFBC}") = "HttpApi", "HttpApi\HttpApi.csproj", "{9B302A34-28D1-4102-AD9C-C5D643A5F051}"
EndProject
Global
	GlobalSection(SolutionConfigurationPlatforms) = preSolution
		Debug|Any CPU = Debug|Any CPU
		Release|Any CPU = Release|Any CPU
	EndGlobalSection
	GlobalSection(NestedProjects) = preSolution
		{5C580BD6-87EB-4665-B3C4-DA70330A634C} = {CD5AD8E2-2A49-4A62-9DAD-E644E04D61CB}
		{D96757AC-1D52-4692-81C3-B397BD5C2E83} = {CD5AD8E2-2A49-4A62-9DAD-E644E04D61CB}
		{FC9E5B15-FF26-4971-A429-6420386D5869} = {CD5AD8E2-2A49-4A62-9DAD-E644E04D61CB}
		{410B3B01-5F76-43E2-9A73-C9F88D999330} = {489DAE0B-07FE-4F08-8B22-854195C8BEEF}
		{6B7EE6DF-9248-49C1-ACB9-DF8D57ADF931} = {489DAE0B-07FE-4F08-8B22-854195C8BEEF}
		{E63D1626-6E86-4F1E-9AD7-AC130DDBFF58} = {489DAE0B-07FE-4F08-8B22-854195C8BEEF}
		{D94506C0-E21A-4FA2-ABCB-3A77063BC0F0} = {410B3B01-5F76-43E2-9A73-C9F88D999330}
		{5B553FD2-C11F-4C2E-9640-E5A2A398E7B4} = {410B3B01-5F76-43E2-9A73-C9F88D999330}
		{D8CE3CAD-AB35-4446-957D-AEAC792A62F0} = {410B3B01-5F76-43E2-9A73-C9F88D999330}
		{44F24928-E100-46D2-A8E0-630FA4B120BA} = {410B3B01-5F76-43E2-9A73-C9F88D999330}
		{2B0C1233-BD25-4BC2-B58F-D1A40FFCC0D8} = {410B3B01-5F76-43E2-9A73-C9F88D999330}
		{9B302A34-28D1-4102-AD9C-C5D643A5F051} = {410B3B01-5F76-43E2-9A73-C9F88D999330}
	EndGlobalSection
	GlobalSection(ProjectConfigurationPlatforms) = postSolution
		{D94506C0-E21A-4FA2-ABCB-3A77063BC0F0}.Debug|Any CPU.ActiveCfg = Debug|Any CPU
		{D94506C0-E21A-4FA2-ABCB-3A77063BC0F0}.Debug|Any CPU.Build.0 = Debug|Any CPU
		{D94506C0-E21A-4FA2-ABCB-3A77063BC0F0}.Release|Any CPU.ActiveCfg = Release|Any CPU
		{D94506C0-E21A-4FA2-ABCB-3A77063BC0F0}.Release|Any CPU.Build.0 = Release|Any CPU
		{5B553FD2-C11F-4C2E-9640-E5A2A398E7B4}.Debug|Any CPU.ActiveCfg = Debug|Any CPU
		{5B553FD2-C11F-4C2E-9640-E5A2A398E7B4}.Debug|Any CPU.Build.0 = Debug|Any CPU
		{5B553FD2-C11F-4C2E-9640-E5A2A398E7B4}.Release|Any CPU.ActiveCfg = Release|Any CPU
		{5B553FD2-C11F-4C2E-9640-E5A2A398E7B4}.Release|Any CPU.Build.0 = Release|Any CPU
		{D8CE3CAD-AB35-4446-957D-AEAC792A62F0}.Debug|Any CPU.ActiveCfg = Debug|Any CPU
		{D8CE3CAD-AB35-4446-957D-AEAC792A62F0}.Debug|Any CPU.Build.0 = Debug|Any CPU
		{D8CE3CAD-AB35-4446-957D-AEAC792A62F0}.Release|Any CPU.ActiveCfg = Release|Any CPU
		{D8CE3CAD-AB35-4446-957D-AEAC792A62F0}.Release|Any CPU.Build.0 = Release|Any CPU
		{44F24928-E100-46D2-A8E0-630FA4B120BA}.Debug|Any CPU.ActiveCfg = Debug|Any CPU
		{44F24928-E100-46D2-A8E0-630FA4B120BA}.Debug|Any CPU.Build.0 = Debug|Any CPU
		{44F24928-E100-46D2-A8E0-630FA4B120BA}.Release|Any CPU.ActiveCfg = Release|Any CPU
		{44F24928-E100-46D2-A8E0-630FA4B120BA}.Release|Any CPU.Build.0 = Release|Any CPU
		{2B0C1233-BD25-4BC2-B58F-D1A40FFCC0D8}.Debug|Any CPU.ActiveCfg = Debug|Any CPU
		{2B0C1233-BD25-4BC2-B58F-D1A40FFCC0D8}.Debug|Any CPU.Build.0 = Debug|Any CPU
		{2B0C1233-BD25-4BC2-B58F-D1A40FFCC0D8}.Release|Any CPU.ActiveCfg = Release|Any CPU
		{2B0C1233-BD25-4BC2-B58F-D1A40FFCC0D8}.Release|Any CPU.Build.0 = Release|Any CPU
		{9B302A34-28D1-4102-AD9C-C5D643A5F051}.Debug|Any CPU.ActiveCfg = Debug|Any CPU
		{9B302A34-28D1-4102-AD9C-C5D643A5F051}.Debug|Any CPU.Build.0 = Debug|Any CPU
		{9B302A34-28D1-4102-AD9C-C5D643A5F051}.Release|Any CPU.ActiveCfg = Release|Any CPU
		{9B302A34-28D1-4102-AD9C-C5D643A5F051}.Release|Any CPU.Build.0 = Release|Any CPU
	EndGlobalSection
EndGlobal
